
Microsoft Visual Studio Solution File, Format Version 12.00
# Visual Studio 14
VisualStudioVersion = 14.0.25420.1
MinimumVisualStudioVersion = 10.0.40219.1
Project("{F5034706-568F-408A-B7B3-4D38C6DB8A32}") = "InstallSQLServer", "InstallSQLServer\InstallSQLServer.pssproj", "{6CAFC0C6-A428-4D30-A9F9-700E829FEA51}"
EndProject
Project("{F5034706-568F-408A-B7B3-4D38C6DB8A32}") = "ScriptLibrary", "ScriptLibrary\ScriptLibrary.pssproj", "{A92BD4D3-AF4B-47B0-9F14-B1C4747ECA4D}"
EndProject
Project("{F5034706-568F-408A-B7B3-4D38C6DB8A32}") = "DatabaseMaintenance", "DatabaseMaintenance\DatabaseMaintenance.pssproj", "{8DFA8AB8-F4B0-406E-B8FB-D6257408DC4C}"
EndProject
Project("{F5034706-568F-408A-B7B3-4D38C6DB8A32}") = "SystemMaintenance", "SystemMaintenance\SystemMaintenance.pssproj", "{D7DE4F78-17F7-41A2-A182-3FC9D511147C}"
EndProject
Global
	GlobalSection(SolutionConfigurationPlatforms) = preSolution
		Debug|Any CPU = Debug|Any CPU
		Release|Any CPU = Release|Any CPU
	EndGlobalSection
	GlobalSection(ProjectConfigurationPlatforms) = postSolution
		{6CAFC0C6-A428-4D30-A9F9-700E829FEA51}.Debug|Any CPU.ActiveCfg = Debug|Any CPU
		{6CAFC0C6-A428-4D30-A9F9-700E829FEA51}.Debug|Any CPU.Build.0 = Debug|Any CPU
		{6CAFC0C6-A428-4D30-A9F9-700E829FEA51}.Release|Any CPU.ActiveCfg = Release|Any CPU
		{6CAFC0C6-A428-4D30-A9F9-700E829FEA51}.Release|Any CPU.Build.0 = Release|Any CPU
		{A92BD4D3-AF4B-47B0-9F14-B1C4747ECA4D}.Debug|Any CPU.ActiveCfg = Debug|Any CPU
		{A92BD4D3-AF4B-47B0-9F14-B1C4747ECA4D}.Debug|Any CPU.Build.0 = Debug|Any CPU
		{A92BD4D3-AF4B-47B0-9F14-B1C4747ECA4D}.Release|Any CPU.ActiveCfg = Release|Any CPU
		{A92BD4D3-AF4B-47B0-9F14-B1C4747ECA4D}.Release|Any CPU.Build.0 = Release|Any CPU
		{8DFA8AB8-F4B0-406E-B8FB-D6257408DC4C}.Debug|Any CPU.ActiveCfg = Debug|Any CPU
		{8DFA8AB8-F4B0-406E-B8FB-D6257408DC4C}.Debug|Any CPU.Build.0 = Debug|Any CPU
		{8DFA8AB8-F4B0-406E-B8FB-D6257408DC4C}.Release|Any CPU.ActiveCfg = Release|Any CPU
		{8DFA8AB8-F4B0-406E-B8FB-D6257408DC4C}.Release|Any CPU.Build.0 = Release|Any CPU
		{D7DE4F78-17F7-41A2-A182-3FC9D511147C}.Debug|Any CPU.ActiveCfg = Debug|Any CPU
		{D7DE4F78-17F7-41A2-A182-3FC9D511147C}.Debug|Any CPU.Build.0 = Debug|Any CPU
		{D7DE4F78-17F7-41A2-A182-3FC9D511147C}.Release|Any CPU.ActiveCfg = Release|Any CPU
		{D7DE4F78-17F7-41A2-A182-3FC9D511147C}.Release|Any CPU.Build.0 = Release|Any CPU
	EndGlobalSection
	GlobalSection(SolutionProperties) = preSolution
		HideSolutionNode = FALSE
	EndGlobalSection
EndGlobal
